
Microsoft Visual Studio Solution File, Format Version 12.00
# Visual Studio 15
VisualStudioVersion = 15.0.28010.2046
MinimumVisualStudioVersion = 10.0.40219.1
Project("{8BC9CEB8-8B4A-11D0-8D11-00A0C91BC942}") = "模板与泛型编程", "模板与泛型编程\模板与泛型编程.vcxproj", "{805B8C6D-3BE6-4AF8-A47F-4F0737D04709}"
EndProject
Global
	GlobalSection(SolutionConfigurationPlatforms) = preSolution
		Debug|x64 = Debug|x64
		Debug|x86 = Debug|x86
		Release|x64 = Release|x64
		Release|x86 = Release|x86
	EndGlobalSection
	GlobalSection(ProjectConfigurationPlatforms) = postSolution
		{805B8C6D-3BE6-4AF8-A47F-4F0737D04709}.Debug|x64.ActiveCfg = Debug|x64
		{805B8C6D-3BE6-4AF8-A47F-4F0737D04709}.Debug|x64.Build.0 = Debug|x64
		{805B8C6D-3BE6-4AF8-A47F-4F0737D04709}.Debug|x86.ActiveCfg = Debug|Win32
		{805B8C6D-3BE6-4AF8-A47F-4F0737D04709}.Debug|x86.Build.0 = Debug|Win32
		{805B8C6D-3BE6-4AF8-A47F-4F0737D04709}.Release|x64.ActiveCfg = Release|x64
		{805B8C6D-3BE6-4AF8-A47F-4F0737D04709}.Release|x64.Build.0 = Release|x64
		{805B8C6D-3BE6-4AF8-A47F-4F0737D04709}.Release|x86.ActiveCfg = Release|Win32
		{805B8C6D-3BE6-4AF8-A47F-4F0737D04709}.Release|x86.Build.0 = Release|Win32
	EndGlobalSection
	GlobalSection(SolutionProperties) = preSolution
		HideSolutionNode = FALSE
	EndGlobalSection
	GlobalSection(ExtensibilityGlobals) = postSolution
		SolutionGuid = {862B56F9-FE79-4FFF-BEE7-287C1DEBD1F8}
	EndGlobalSection
EndGlobal
