<?xml version="1.0" encoding="utf-8"?>
<Project ToolsVersion="4.0" xmlns="http://schemas.microsoft.com/developer/msbuild/2003">
  <ItemGroup>
    <Filter Include="源文件">
      <UniqueIdentifier>{4FC737F1-C7A5-4376-A066-2A32D752A2FF}</UniqueIdentifier>
      <Extensions>cpp;c;cc;cxx;def;odl;idl;hpj;bat;asm;asmx</Extensions>
    </Filter>
    <Filter Include="头文件">
      <UniqueIdentifier>{93995380-89BD-4b04-88EB-625FBE52EBFB}</UniqueIdentifier>
      <Extensions>h;hh;hpp;hxx;hm;inl;inc;ipp;xsd</Extensions>
    </Filter>
    <Filter Include="资源文件">
      <UniqueIdentifier>{67DA6AB6-F800-4c08-8B7A-83BB121AAD01}</UniqueIdentifier>
      <Extensions>rc;ico;cur;bmp;dlg;rc2;rct;bin;rgs;gif;jpg;jpeg;jpe;resx;tiff;tif;png;wav;mfcribbon-ms</Extensions>
    </Filter>
  </ItemGroup>
  <ItemGroup>
    <ClCompile Include="模板特例化.cpp">
      <Filter>源文件</Filter>
    </ClCompile>
    <ClCompile Include="编写接受右值引用参数的模板函数.cpp">
      <Filter>源文件</Filter>
    </ClCompile>
    <ClCompile Include="成员模板.cpp">
      <Filter>源文件</Filter>
    </ClCompile>
    <ClCompile Include="从左值引用函数推断类型.cpp">
      <Filter>源文件</Filter>
    </ClCompile>
    <ClCompile Include="定义模板.cpp">
      <Filter>源文件</Filter>
    </ClCompile>
    <ClCompile Include="函数模板显示实参.cpp">
      <Filter>源文件</Filter>
    </ClCompile>
    <ClCompile Include="函数指针和实参推断.cpp">
      <Filter>源文件</Filter>
    </ClCompile>
    <ClCompile Include="可变参数模板(包扩展).cpp">
      <Filter>源文件</Filter>
    </ClCompile>
    <ClCompile Include="可变参数模板(转发参数包).cpp">
      <Filter>源文件</Filter>
    </ClCompile>
    <ClCompile Include="可变参数模板.cpp">
      <Filter>源文件</Filter>
    </ClCompile>
    <ClCompile Include="控制实例化.cpp">
      <Filter>源文件</Filter>
    </ClCompile>
    <ClCompile Include="类型转换与模板类型参数.cpp">
      <Filter>源文件</Filter>
    </ClCompile>
    <ClCompile Include="理解forward.cpp">
      <Filter>源文件</Filter>
    </ClCompile>
    <ClCompile Include="理解move.cpp">
      <Filter>源文件</Filter>
    </ClCompile>
    <ClCompile Include="模板参数.cpp">
      <Filter>源文件</Filter>
    </ClCompile>
    <ClCompile Include="模板函数多态.cpp">
      <Filter>源文件</Filter>
    </ClCompile>
    <ClCompile Include="模板元编程求斐波那契数列.cpp">
      <Filter>源文件</Filter>
    </ClCompile>
    <ClCompile Include="尾置返回类型与类型转换.cpp">
      <Filter>源文件</Filter>
    </ClCompile>
    <ClCompile Include="效率与灵活性.cpp">
      <Filter>源文件</Filter>
    </ClCompile>
    <ClCompile Include="引用折叠和右值引用参数.cpp">
      <Filter>源文件</Filter>
    </ClCompile>
    <ClCompile Include="右值参数推断.cpp">
      <Filter>源文件</Filter>
    </ClCompile>
    <ClCompile Include="重载与模板.cpp">
      <Filter>源文件</Filter>
    </ClCompile>
    <ClCompile Include="转发.cpp">
      <Filter>源文件</Filter>
    </ClCompile>
  </ItemGroup>
</Project>